
Microsoft Visual Studio Solution File, Format Version 12.00
# Visual Studio Version 17
VisualStudioVersion = 17.6.33829.357
MinimumVisualStudioVersion = 10.0.40219.1
Project("{FAE04EC0-301F-11D3-BF4B-00C04F79EFBC}") = "DSA Lern Practice", "DSA Lern Practice.csproj", "{AC508178-A673-4434-A736-DA0D657DF955}"
EndProject
Global
	GlobalSection(SolutionConfigurationPlatforms) = preSolution
		Debug|Any CPU = Debug|Any CPU
		Release|Any CPU = Release|Any CPU
	EndGlobalSection
	GlobalSection(ProjectConfigurationPlatforms) = postSolution
		{AC508178-A673-4434-A736-DA0D657DF955}.Debug|Any CPU.ActiveCfg = Debug|Any CPU
		{AC508178-A673-4434-A736-DA0D657DF955}.Debug|Any CPU.Build.0 = Debug|Any CPU
		{AC508178-A673-4434-A736-DA0D657DF955}.Release|Any CPU.ActiveCfg = Release|Any CPU
		{AC508178-A673-4434-A736-DA0D657DF955}.Release|Any CPU.Build.0 = Release|Any CPU
	EndGlobalSection
	GlobalSection(SolutionProperties) = preSolution
		HideSolutionNode = FALSE
	EndGlobalSection
	GlobalSection(ExtensibilityGlobals) = postSolution
		SolutionGuid = {64F032BC-B1DB-4163-8AEE-D31DECCEF1E4}
	EndGlobalSection
EndGlobal
