
Microsoft Visual Studio Solution File, Format Version 12.00
# Visual Studio Version 17
VisualStudioVersion = 17.10.35201.131
MinimumVisualStudioVersion = 10.0.40219.1
Project("{FAE04EC0-301F-11D3-BF4B-00C04F79EFBC}") = "QueueUsingArray", "QueueUsingArray.csproj", "{02EBFFE5-0BEC-43EF-9C2E-7CA507545FBD}"
EndProject
Global
	GlobalSection(SolutionConfigurationPlatforms) = preSolution
		Debug|Any CPU = Debug|Any CPU
		Release|Any CPU = Release|Any CPU
	EndGlobalSection
	GlobalSection(ProjectConfigurationPlatforms) = postSolution
		{02EBFFE5-0BEC-43EF-9C2E-7CA507545FBD}.Debug|Any CPU.ActiveCfg = Debug|Any CPU
		{02EBFFE5-0BEC-43EF-9C2E-7CA507545FBD}.Debug|Any CPU.Build.0 = Debug|Any CPU
		{02EBFFE5-0BEC-43EF-9C2E-7CA507545FBD}.Release|Any CPU.ActiveCfg = Release|Any CPU
		{02EBFFE5-0BEC-43EF-9C2E-7CA507545FBD}.Release|Any CPU.Build.0 = Release|Any CPU
	EndGlobalSection
	GlobalSection(SolutionProperties) = preSolution
		HideSolutionNode = FALSE
	EndGlobalSection
	GlobalSection(ExtensibilityGlobals) = postSolution
		SolutionGuid = {CDA3806B-727F-4929-9AFA-9C05171B11B1}
	EndGlobalSection
EndGlobal
