
Microsoft Visual Studio Solution File, Format Version 12.00
# Visual Studio Version 17
VisualStudioVersion = 17.10.35201.131
MinimumVisualStudioVersion = 10.0.40219.1
Project("{FAE04EC0-301F-11D3-BF4B-00C04F79EFBC}") = "QueueLL", "QueueLL.csproj", "{41AFDD8D-6382-4DDF-BD82-1BC240574A49}"
EndProject
Global
	GlobalSection(SolutionConfigurationPlatforms) = preSolution
		Debug|Any CPU = Debug|Any CPU
		Release|Any CPU = Release|Any CPU
	EndGlobalSection
	GlobalSection(ProjectConfigurationPlatforms) = postSolution
		{41AFDD8D-6382-4DDF-BD82-1BC240574A49}.Debug|Any CPU.ActiveCfg = Debug|Any CPU
		{41AFDD8D-6382-4DDF-BD82-1BC240574A49}.Debug|Any CPU.Build.0 = Debug|Any CPU
		{41AFDD8D-6382-4DDF-BD82-1BC240574A49}.Release|Any CPU.ActiveCfg = Release|Any CPU
		{41AFDD8D-6382-4DDF-BD82-1BC240574A49}.Release|Any CPU.Build.0 = Release|Any CPU
	EndGlobalSection
	GlobalSection(SolutionProperties) = preSolution
		HideSolutionNode = FALSE
	EndGlobalSection
	GlobalSection(ExtensibilityGlobals) = postSolution
		SolutionGuid = {C62CF6C9-7F0A-48A1-AD06-28087FC507D3}
	EndGlobalSection
EndGlobal
