
Microsoft Visual Studio Solution File, Format Version 12.00
# Visual Studio Version 17
VisualStudioVersion = 17.6.33829.357
MinimumVisualStudioVersion = 10.0.40219.1
Project("{FAE04EC0-301F-11D3-BF4B-00C04F79EFBC}") = "Stack Implementation", "Stack Implementation.csproj", "{AB333358-74C7-4FC8-B5E0-706DE8B25BE1}"
EndProject
Global
	GlobalSection(SolutionConfigurationPlatforms) = preSolution
		Debug|Any CPU = Debug|Any CPU
		Release|Any CPU = Release|Any CPU
	EndGlobalSection
	GlobalSection(ProjectConfigurationPlatforms) = postSolution
		{AB333358-74C7-4FC8-B5E0-706DE8B25BE1}.Debug|Any CPU.ActiveCfg = Debug|Any CPU
		{AB333358-74C7-4FC8-B5E0-706DE8B25BE1}.Debug|Any CPU.Build.0 = Debug|Any CPU
		{AB333358-74C7-4FC8-B5E0-706DE8B25BE1}.Release|Any CPU.ActiveCfg = Release|Any CPU
		{AB333358-74C7-4FC8-B5E0-706DE8B25BE1}.Release|Any CPU.Build.0 = Release|Any CPU
	EndGlobalSection
	GlobalSection(SolutionProperties) = preSolution
		HideSolutionNode = FALSE
	EndGlobalSection
	GlobalSection(ExtensibilityGlobals) = postSolution
		SolutionGuid = {44F6BC0E-9EE4-4D2E-B793-15464DF9D6F9}
	EndGlobalSection
EndGlobal
