
Microsoft Visual Studio Solution File, Format Version 12.00
# Visual Studio Version 17
VisualStudioVersion = 17.10.35201.131
MinimumVisualStudioVersion = 10.0.40219.1
Project("{FAE04EC0-301F-11D3-BF4B-00C04F79EFBC}") = "Circular Queue", "Circular Queue.csproj", "{D7A424A0-5761-4AF3-936B-E98F23BCF95A}"
EndProject
Global
	GlobalSection(SolutionConfigurationPlatforms) = preSolution
		Debug|Any CPU = Debug|Any CPU
		Release|Any CPU = Release|Any CPU
	EndGlobalSection
	GlobalSection(ProjectConfigurationPlatforms) = postSolution
		{D7A424A0-5761-4AF3-936B-E98F23BCF95A}.Debug|Any CPU.ActiveCfg = Debug|Any CPU
		{D7A424A0-5761-4AF3-936B-E98F23BCF95A}.Debug|Any CPU.Build.0 = Debug|Any CPU
		{D7A424A0-5761-4AF3-936B-E98F23BCF95A}.Release|Any CPU.ActiveCfg = Release|Any CPU
		{D7A424A0-5761-4AF3-936B-E98F23BCF95A}.Release|Any CPU.Build.0 = Release|Any CPU
	EndGlobalSection
	GlobalSection(SolutionProperties) = preSolution
		HideSolutionNode = FALSE
	EndGlobalSection
	GlobalSection(ExtensibilityGlobals) = postSolution
		SolutionGuid = {7B940923-AEB4-4F0D-B19F-404DB6CC82F8}
	EndGlobalSection
EndGlobal
